
Microsoft Visual Studio Solution File, Format Version 11.00
# Visual Studio 2010
Project("{FAE04EC0-301F-11D3-BF4B-00C04F79EFBC}") = "LoftGuide", "LoftGuide\LoftGuide.csproj", "{C98331B3-F3E6-4929-9FBA-B7072B562D7A}"
EndProject
Global
	GlobalSection(SolutionConfigurationPlatforms) = preSolution
		Debug|iPhoneSimulator = Debug|iPhoneSimulator
		Release|iPhoneSimulator = Release|iPhoneSimulator
		Debug|iPhone = Debug|iPhone
		Release|iPhone = Release|iPhone
		Ad-Hoc|iPhone = Ad-Hoc|iPhone
		AppStore|iPhone = AppStore|iPhone
	EndGlobalSection
	GlobalSection(ProjectConfigurationPlatforms) = postSolution
		{C98331B3-F3E6-4929-9FBA-B7072B562D7A}.Ad-Hoc|iPhone.ActiveCfg = Ad-Hoc|iPhone
		{C98331B3-F3E6-4929-9FBA-B7072B562D7A}.Ad-Hoc|iPhone.Build.0 = Ad-Hoc|iPhone
		{C98331B3-F3E6-4929-9FBA-B7072B562D7A}.AppStore|iPhone.ActiveCfg = AppStore|iPhone
		{C98331B3-F3E6-4929-9FBA-B7072B562D7A}.AppStore|iPhone.Build.0 = AppStore|iPhone
		{C98331B3-F3E6-4929-9FBA-B7072B562D7A}.Debug|iPhone.ActiveCfg = Debug|iPhone
		{C98331B3-F3E6-4929-9FBA-B7072B562D7A}.Debug|iPhone.Build.0 = Debug|iPhone
		{C98331B3-F3E6-4929-9FBA-B7072B562D7A}.Debug|iPhoneSimulator.ActiveCfg = Debug|iPhoneSimulator
		{C98331B3-F3E6-4929-9FBA-B7072B562D7A}.Debug|iPhoneSimulator.Build.0 = Debug|iPhoneSimulator
		{C98331B3-F3E6-4929-9FBA-B7072B562D7A}.Release|iPhone.ActiveCfg = Release|iPhone
		{C98331B3-F3E6-4929-9FBA-B7072B562D7A}.Release|iPhone.Build.0 = Release|iPhone
		{C98331B3-F3E6-4929-9FBA-B7072B562D7A}.Release|iPhoneSimulator.ActiveCfg = Release|iPhoneSimulator
		{C98331B3-F3E6-4929-9FBA-B7072B562D7A}.Release|iPhoneSimulator.Build.0 = Release|iPhoneSimulator
	EndGlobalSection
	GlobalSection(MonoDevelopProperties) = preSolution
		StartupItem = LoftGuide\LoftGuide.csproj
	EndGlobalSection
EndGlobal
